<?xml version="1.0" encoding="utf-8"?>
<Project ToolsVersion="4.0" xmlns="http://schemas.microsoft.com/developer/msbuild/2003">
  <ItemGroup>
    <Filter Include="Header Files">
      <UniqueIdentifier>{93995380-89BD-4b04-88EB-625FBE52EBFB}</UniqueIdentifier>
      <Extensions>h;hh;hpp;hxx;h++;hm;inl;inc;ipp;xsd</Extensions>
    </Filter>
    <Filter Include="problems">
      <UniqueIdentifier>{8eade209-a91e-4adb-bac8-46987f8588ba}</UniqueIdentifier>
    </Filter>
    <Filter Include="files">
      <UniqueIdentifier>{d9a69af4-9555-4cc7-8181-d31ab0b1e6e2}</UniqueIdentifier>
    </Filter>
    <Filter Include="source">
      <UniqueIdentifier>{4FC737F1-C7A5-4376-A066-2A32D752A2FF}</UniqueIdentifier>
      <Extensions>cpp;c;cc;cxx;c++;cppm;ixx;def;odl;idl;hpj;bat;asm;asmx</Extensions>
    </Filter>
    <Filter Include="problems\header">
      <UniqueIdentifier>{c10879a9-4c9e-495d-8080-cf872367967e}</UniqueIdentifier>
    </Filter>
  </ItemGroup>
  <ItemGroup>
    <ClCompile Include="main.cpp">
      <Filter>source</Filter>
    </ClCompile>
    <ClCompile Include="problems\CProblem1.cpp">
      <Filter>problems</Filter>
    </ClCompile>
    <ClCompile Include="problems\CProblem2.cpp">
      <Filter>problems</Filter>
    </ClCompile>
    <ClCompile Include="problems\CProblem.cpp">
      <Filter>problems</Filter>
    </ClCompile>
    <ClCompile Include="problems\CProblem69.cpp">
      <Filter>problems</Filter>
    </ClCompile>
    <ClCompile Include="maths.cpp">
      <Filter>source</Filter>
    </ClCompile>
    <ClCompile Include="problems\CProblem3.cpp">
      <Filter>problems</Filter>
    </ClCompile>
    <ClCompile Include="problems\CProblem357.cpp">
      <Filter>problems</Filter>
    </ClCompile>
  </ItemGroup>
  <ItemGroup>
    <ClInclude Include="solvedProblems.h">
      <Filter>Header Files</Filter>
    </ClInclude>
    <ClInclude Include="problems\CProblem.h">
      <Filter>problems\header</Filter>
    </ClInclude>
    <ClInclude Include="problems\CProblem1.h">
      <Filter>problems\header</Filter>
    </ClInclude>
    <ClInclude Include="problems\CProblem2.h">
      <Filter>problems\header</Filter>
    </ClInclude>
    <ClInclude Include="problems\CProblem69.h">
      <Filter>problems\header</Filter>
    </ClInclude>
    <ClInclude Include="maths.h">
      <Filter>Header Files</Filter>
    </ClInclude>
    <ClInclude Include="problems\CProblem3.h">
      <Filter>problems\header</Filter>
    </ClInclude>
    <ClInclude Include="problems\CProblem357.h">
      <Filter>problems\header</Filter>
    </ClInclude>
  </ItemGroup>
</Project>